// !$*UTF8*$!
{
	archiveVersion = 1;
	classes = {
	};
	objectVersion = 50;
	objects = {

/* Begin PBXBuildFile section */
		9231822324334B9C00C347B7 /* ControllingAnimation.swift in Sources */ = {isa = PBXBuildFile; fileRef = 9231822224334B9C00C347B7 /* ControllingAnimation.swift */; };
		923182252433836100C347B7 /* AnimatingGestures.swift in Sources */ = {isa = PBXBuildFile; fileRef = 923182242433836100C347B7 /* AnimatingGestures.swift */; };
		9231822724338D2A00C347B7 /* ShowHideView.swift in Sources */ = {isa = PBXBuildFile; fileRef = 9231822624338D2A00C347B7 /* ShowHideView.swift */; };
		924CFA072431EC2600428DE7 /* AnimationView.swift in Sources */ = {isa = PBXBuildFile; fileRef = 924CFA062431EC2600428DE7 /* AnimationView.swift */; };
		924CFA092431EC3000428DE7 /* CustomAnimation.swift in Sources */ = {isa = PBXBuildFile; fileRef = 924CFA082431EC3000428DE7 /* CustomAnimation.swift */; };
		924CFA0B2431ED8700428DE7 /* AnimationBinding.swift in Sources */ = {isa = PBXBuildFile; fileRef = 924CFA0A2431ED8700428DE7 /* AnimationBinding.swift */; };
		926BA41E2445D4FC0043839E /* AddressView.swift in Sources */ = {isa = PBXBuildFile; fileRef = 926BA41D2445D4FC0043839E /* AddressView.swift */; };
		926BA4202445D7C10043839E /* Checkout.swift in Sources */ = {isa = PBXBuildFile; fileRef = 926BA41F2445D7C10043839E /* Checkout.swift */; };
		927346CA243F3ACD00AA52ED /* ParallexEffect.swift in Sources */ = {isa = PBXBuildFile; fileRef = 927346C9243F3ACD00AA52ED /* ParallexEffect.swift */; };
		92755D4C24443402000B7128 /* PathEx.swift in Sources */ = {isa = PBXBuildFile; fileRef = 92755D4B24443402000B7128 /* PathEx.swift */; };
		92755D512445BC87000B7128 /* PublishdAndCodeable.swift in Sources */ = {isa = PBXBuildFile; fileRef = 92755D502445BC87000B7128 /* PublishdAndCodeable.swift */; };
		92755D532445C146000B7128 /* URLSessionEx.swift in Sources */ = {isa = PBXBuildFile; fileRef = 92755D522445C146000B7128 /* URLSessionEx.swift */; };
		92755D552445CE23000B7128 /* OrderView.swift in Sources */ = {isa = PBXBuildFile; fileRef = 92755D542445CE23000B7128 /* OrderView.swift */; };
		92755D572445CE84000B7128 /* Order.swift in Sources */ = {isa = PBXBuildFile; fileRef = 92755D562445CE84000B7128 /* Order.swift */; };
		92767585243F59950079B5AC /* KSlideMenu.swift in Sources */ = {isa = PBXBuildFile; fileRef = 92767584243F59950079B5AC /* KSlideMenu.swift */; };
		927A1B812434CE8A004DFD25 /* ObserableView.swift in Sources */ = {isa = PBXBuildFile; fileRef = 927A1B802434CE8A004DFD25 /* ObserableView.swift */; };
		927A1B832434D2B7004DFD25 /* ShowHideUsingSheet.swift in Sources */ = {isa = PBXBuildFile; fileRef = 927A1B822434D2B7004DFD25 /* ShowHideUsingSheet.swift */; };
		927A1B852435AD9E004DFD25 /* OnDelete.swift in Sources */ = {isa = PBXBuildFile; fileRef = 927A1B842435AD9E004DFD25 /* OnDelete.swift */; };
		927A1B872435B0A6004DFD25 /* UserDefault.swift in Sources */ = {isa = PBXBuildFile; fileRef = 927A1B862435B0A6004DFD25 /* UserDefault.swift */; };
		927A1B892435B74A004DFD25 /* ArchivingData.swift in Sources */ = {isa = PBXBuildFile; fileRef = 927A1B882435B74A004DFD25 /* ArchivingData.swift */; };
		927A1B8B2435CD97004DFD25 /* identical.swift in Sources */ = {isa = PBXBuildFile; fileRef = 927A1B8A2435CD97004DFD25 /* identical.swift */; };
		927A1B8D243AFA2E004DFD25 /* AddView.swift in Sources */ = {isa = PBXBuildFile; fileRef = 927A1B8C243AFA2E004DFD25 /* AddView.swift */; };
		927A1B92243B1114004DFD25 /* ResizeImage.swift in Sources */ = {isa = PBXBuildFile; fileRef = 927A1B91243B1114004DFD25 /* ResizeImage.swift */; };
		927A1B94243B136A004DFD25 /* ScrollViewEx.swift in Sources */ = {isa = PBXBuildFile; fileRef = 927A1B93243B136A004DFD25 /* ScrollViewEx.swift */; };
		927A1B96243B1875004DFD25 /* NavigationLinkEx.swift in Sources */ = {isa = PBXBuildFile; fileRef = 927A1B95243B1875004DFD25 /* NavigationLinkEx.swift */; };
		927A1B98243B61FB004DFD25 /* SliderViewEx.swift in Sources */ = {isa = PBXBuildFile; fileRef = 927A1B97243B61FB004DFD25 /* SliderViewEx.swift */; };
		927A1B9A243B65E9004DFD25 /* SwitchEx.swift in Sources */ = {isa = PBXBuildFile; fileRef = 927A1B99243B65E9004DFD25 /* SwitchEx.swift */; };
		927B248B243C51E30073BD66 /* TabBarEx.swift in Sources */ = {isa = PBXBuildFile; fileRef = 927B248A243C51E30073BD66 /* TabBarEx.swift */; };
		927B248D243C5D420073BD66 /* CustomTabBarEx.swift in Sources */ = {isa = PBXBuildFile; fileRef = 927B248C243C5D420073BD66 /* CustomTabBarEx.swift */; };
		927B2490243C61DF0073BD66 /* ViewRouter.swift in Sources */ = {isa = PBXBuildFile; fileRef = 927B248F243C61DF0073BD66 /* ViewRouter.swift */; };
		927CDF3B243F54A1006697AF /* Textfield_adjust_KeyBoard.swift in Sources */ = {isa = PBXBuildFile; fileRef = 927CDF3A243F54A1006697AF /* Textfield_adjust_KeyBoard.swift */; };
		927F74692433474C00037CBB /* ExplicitAnimation.swift in Sources */ = {isa = PBXBuildFile; fileRef = 927F74682433474C00037CBB /* ExplicitAnimation.swift */; };
		9285174D2442167E00BDA187 /* LoginDemo.swift in Sources */ = {isa = PBXBuildFile; fileRef = 9285174C2442167E00BDA187 /* LoginDemo.swift */; };
		92B6C363243F5C30008390EA /* MenuView.swift in Sources */ = {isa = PBXBuildFile; fileRef = 92B6C362243F5C30008390EA /* MenuView.swift */; };
		92EB59A3242E0169005BADC2 /* StepperView.swift in Sources */ = {isa = PBXBuildFile; fileRef = 92EB59A2242E0169005BADC2 /* StepperView.swift */; };
		92EB59A5242E0488005BADC2 /* DatePickerView.swift in Sources */ = {isa = PBXBuildFile; fileRef = 92EB59A4242E0488005BADC2 /* DatePickerView.swift */; };
		92EB59AC242E2163005BADC2 /* ListView.swift in Sources */ = {isa = PBXBuildFile; fileRef = 92EB59AB242E2163005BADC2 /* ListView.swift */; };
		92EB59AE242E333D005BADC2 /* Series_Fifth_Demo.swift in Sources */ = {isa = PBXBuildFile; fileRef = 92EB59AD242E333D005BADC2 /* Series_Fifth_Demo.swift */; };
		92F2A81C24291215006E11A5 /* AppDelegate.swift in Sources */ = {isa = PBXBuildFile; fileRef = 92F2A81B24291215006E11A5 /* AppDelegate.swift */; };
		92F2A81E24291215006E11A5 /* SceneDelegate.swift in Sources */ = {isa = PBXBuildFile; fileRef = 92F2A81D24291215006E11A5 /* SceneDelegate.swift */; };
		92F2A82224291219006E11A5 /* Assets.xcassets in Resources */ = {isa = PBXBuildFile; fileRef = 92F2A82124291219006E11A5 /* Assets.xcassets */; };
		92F2A82524291219006E11A5 /* Preview Assets.xcassets in Resources */ = {isa = PBXBuildFile; fileRef = 92F2A82424291219006E11A5 /* Preview Assets.xcassets */; };
		92F2A82824291219006E11A5 /* LaunchScreen.storyboard in Resources */ = {isa = PBXBuildFile; fileRef = 92F2A82624291219006E11A5 /* LaunchScreen.storyboard */; };
		92F2A834242912BE006E11A5 /* README.md in Resources */ = {isa = PBXBuildFile; fileRef = 92F2A833242912BE006E11A5 /* README.md */; };
		92F2A836242912CC006E11A5 /* Series_One_Demo.swift in Sources */ = {isa = PBXBuildFile; fileRef = 92F2A835242912CC006E11A5 /* Series_One_Demo.swift */; };
		92F2A838242912E2006E11A5 /* PickerView.swift in Sources */ = {isa = PBXBuildFile; fileRef = 92F2A837242912E2006E11A5 /* PickerView.swift */; };
		92F2A83A242912EA006E11A5 /* TextfieldView.swift in Sources */ = {isa = PBXBuildFile; fileRef = 92F2A839242912EA006E11A5 /* TextfieldView.swift */; };
		92F2A83C242916D9006E11A5 /* NavigationAndFormView.swift in Sources */ = {isa = PBXBuildFile; fileRef = 92F2A83B242916D9006E11A5 /* NavigationAndFormView.swift */; };
		92F2A8442429C269006E11A5 /* StackView.swift in Sources */ = {isa = PBXBuildFile; fileRef = 92F2A8432429C269006E11A5 /* StackView.swift */; };
		92F2A8462429C688006E11A5 /* ColorWithStack.swift in Sources */ = {isa = PBXBuildFile; fileRef = 92F2A8452429C688006E11A5 /* ColorWithStack.swift */; };
		92F2A8482429C7D7006E11A5 /* GradientView.swift in Sources */ = {isa = PBXBuildFile; fileRef = 92F2A8472429C7D7006E11A5 /* GradientView.swift */; };
		92F2A84A2429CE21006E11A5 /* ButtonView.swift in Sources */ = {isa = PBXBuildFile; fileRef = 92F2A8492429CE21006E11A5 /* ButtonView.swift */; };
		92F2A84C2429D3B9006E11A5 /* alertView.swift in Sources */ = {isa = PBXBuildFile; fileRef = 92F2A84B2429D3B9006E11A5 /* alertView.swift */; };
		92F2A84E2429FDD5006E11A5 /* Series_Two_Demo.swift in Sources */ = {isa = PBXBuildFile; fileRef = 92F2A84D2429FDD5006E11A5 /* Series_Two_Demo.swift */; };
		92F2A853242B95FE006E11A5 /* EnvironmentModifier.swift in Sources */ = {isa = PBXBuildFile; fileRef = 92F2A852242B95FE006E11A5 /* EnvironmentModifier.swift */; };
		92F2A855242B9664006E11A5 /* ViewAsProperty.swift in Sources */ = {isa = PBXBuildFile; fileRef = 92F2A854242B9664006E11A5 /* ViewAsProperty.swift */; };
		92F2A857242B968A006E11A5 /* ViewComposition.swift in Sources */ = {isa = PBXBuildFile; fileRef = 92F2A856242B968A006E11A5 /* ViewComposition.swift */; };
		92F2A859242B9712006E11A5 /* CustomModifier.swift in Sources */ = {isa = PBXBuildFile; fileRef = 92F2A858242B9712006E11A5 /* CustomModifier.swift */; };
		92F2A85C242BA2EE006E11A5 /* CustomContainer.swift in Sources */ = {isa = PBXBuildFile; fileRef = 92F2A85B242BA2EE006E11A5 /* CustomContainer.swift */; };
/* End PBXBuildFile section */

/* Begin PBXFileReference section */
		9231822224334B9C00C347B7 /* ControllingAnimation.swift */ = {isa = PBXFileReference; lastKnownFileType = sourcecode.swift; path = ControllingAnimation.swift; sourceTree = "<group>"; };
		923182242433836100C347B7 /* AnimatingGestures.swift */ = {isa = PBXFileReference; lastKnownFileType = sourcecode.swift; path = AnimatingGestures.swift; sourceTree = "<group>"; };
		9231822624338D2A00C347B7 /* ShowHideView.swift */ = {isa = PBXFileReference; lastKnownFileType = sourcecode.swift; path = ShowHideView.swift; sourceTree = "<group>"; };
		924CFA062431EC2600428DE7 /* AnimationView.swift */ = {isa = PBXFileReference; fileEncoding = 4; lastKnownFileType = sourcecode.swift; path = AnimationView.swift; sourceTree = "<group>"; };
		924CFA082431EC3000428DE7 /* CustomAnimation.swift */ = {isa = PBXFileReference; lastKnownFileType = sourcecode.swift; path = CustomAnimation.swift; sourceTree = "<group>"; };
		924CFA0A2431ED8700428DE7 /* AnimationBinding.swift */ = {isa = PBXFileReference; lastKnownFileType = sourcecode.swift; path = AnimationBinding.swift; sourceTree = "<group>"; };
		926BA41D2445D4FC0043839E /* AddressView.swift */ = {isa = PBXFileReference; lastKnownFileType = sourcecode.swift; path = AddressView.swift; sourceTree = "<group>"; };
		926BA41F2445D7C10043839E /* Checkout.swift */ = {isa = PBXFileReference; lastKnownFileType = sourcecode.swift; path = Checkout.swift; sourceTree = "<group>"; };
		927346C9243F3ACD00AA52ED /* ParallexEffect.swift */ = {isa = PBXFileReference; lastKnownFileType = sourcecode.swift; path = ParallexEffect.swift; sourceTree = "<group>"; };
		92755D4B24443402000B7128 /* PathEx.swift */ = {isa = PBXFileReference; lastKnownFileType = sourcecode.swift; path = PathEx.swift; sourceTree = "<group>"; };
		92755D4E2445BC1C000B7128 /* README.md */ = {isa = PBXFileReference; lastKnownFileType = net.daringfireball.markdown; path = README.md; sourceTree = "<group>"; };
		92755D502445BC87000B7128 /* PublishdAndCodeable.swift */ = {isa = PBXFileReference; lastKnownFileType = sourcecode.swift; path = PublishdAndCodeable.swift; sourceTree = "<group>"; };
		92755D522445C146000B7128 /* URLSessionEx.swift */ = {isa = PBXFileReference; lastKnownFileType = sourcecode.swift; path = URLSessionEx.swift; sourceTree = "<group>"; };
		92755D542445CE23000B7128 /* OrderView.swift */ = {isa = PBXFileReference; lastKnownFileType = sourcecode.swift; path = OrderView.swift; sourceTree = "<group>"; };
		92755D562445CE84000B7128 /* Order.swift */ = {isa = PBXFileReference; lastKnownFileType = sourcecode.swift; path = Order.swift; sourceTree = "<group>"; };
		92767584243F59950079B5AC /* KSlideMenu.swift */ = {isa = PBXFileReference; lastKnownFileType = sourcecode.swift; path = KSlideMenu.swift; sourceTree = "<group>"; };
		927A1B7E2434CE5D004DFD25 /* README.md */ = {isa = PBXFileReference; lastKnownFileType = net.daringfireball.markdown; path = README.md; sourceTree = "<group>"; };
		927A1B802434CE8A004DFD25 /* ObserableView.swift */ = {isa = PBXFileReference; lastKnownFileType = sourcecode.swift; path = ObserableView.swift; sourceTree = "<group>"; };
		927A1B822434D2B7004DFD25 /* ShowHideUsingSheet.swift */ = {isa = PBXFileReference; lastKnownFileType = sourcecode.swift; path = ShowHideUsingSheet.swift; sourceTree = "<group>"; };
		927A1B842435AD9E004DFD25 /* OnDelete.swift */ = {isa = PBXFileReference; lastKnownFileType = sourcecode.swift; path = OnDelete.swift; sourceTree = "<group>"; };
		927A1B862435B0A6004DFD25 /* UserDefault.swift */ = {isa = PBXFileReference; lastKnownFileType = sourcecode.swift; path = UserDefault.swift; sourceTree = "<group>"; };
		927A1B882435B74A004DFD25 /* ArchivingData.swift */ = {isa = PBXFileReference; lastKnownFileType = sourcecode.swift; path = ArchivingData.swift; sourceTree = "<group>"; };
		927A1B8A2435CD97004DFD25 /* identical.swift */ = {isa = PBXFileReference; lastKnownFileType = sourcecode.swift; path = identical.swift; sourceTree = "<group>"; };
		927A1B8C243AFA2E004DFD25 /* AddView.swift */ = {isa = PBXFileReference; lastKnownFileType = sourcecode.swift; path = AddView.swift; sourceTree = "<group>"; };
		927A1B8F243B0EB8004DFD25 /* README.md */ = {isa = PBXFileReference; lastKnownFileType = net.daringfireball.markdown; path = README.md; sourceTree = "<group>"; };
		927A1B91243B1114004DFD25 /* ResizeImage.swift */ = {isa = PBXFileReference; lastKnownFileType = sourcecode.swift; path = ResizeImage.swift; sourceTree = "<group>"; };
		927A1B93243B136A004DFD25 /* ScrollViewEx.swift */ = {isa = PBXFileReference; lastKnownFileType = sourcecode.swift; path = ScrollViewEx.swift; sourceTree = "<group>"; };
		927A1B95243B1875004DFD25 /* NavigationLinkEx.swift */ = {isa = PBXFileReference; lastKnownFileType = sourcecode.swift; path = NavigationLinkEx.swift; sourceTree = "<group>"; };
		927A1B97243B61FB004DFD25 /* SliderViewEx.swift */ = {isa = PBXFileReference; lastKnownFileType = sourcecode.swift; path = SliderViewEx.swift; sourceTree = "<group>"; };
		927A1B99243B65E9004DFD25 /* SwitchEx.swift */ = {isa = PBXFileReference; lastKnownFileType = sourcecode.swift; path = SwitchEx.swift; sourceTree = "<group>"; };
		927B248A243C51E30073BD66 /* TabBarEx.swift */ = {isa = PBXFileReference; lastKnownFileType = sourcecode.swift; path = TabBarEx.swift; sourceTree = "<group>"; };
		927B248C243C5D420073BD66 /* CustomTabBarEx.swift */ = {isa = PBXFileReference; lastKnownFileType = sourcecode.swift; path = CustomTabBarEx.swift; sourceTree = "<group>"; };
		927B248F243C61DF0073BD66 /* ViewRouter.swift */ = {isa = PBXFileReference; lastKnownFileType = sourcecode.swift; path = ViewRouter.swift; sourceTree = "<group>"; };
		927CDF3A243F54A1006697AF /* Textfield_adjust_KeyBoard.swift */ = {isa = PBXFileReference; lastKnownFileType = sourcecode.swift; path = Textfield_adjust_KeyBoard.swift; sourceTree = "<group>"; };
		927F74682433474C00037CBB /* ExplicitAnimation.swift */ = {isa = PBXFileReference; lastKnownFileType = sourcecode.swift; path = ExplicitAnimation.swift; sourceTree = "<group>"; };
		9285174C2442167E00BDA187 /* LoginDemo.swift */ = {isa = PBXFileReference; lastKnownFileType = sourcecode.swift; path = LoginDemo.swift; sourceTree = "<group>"; };
		929DD62D2431CD55008930F9 /* README.md */ = {isa = PBXFileReference; lastKnownFileType = net.daringfireball.markdown; path = README.md; sourceTree = "<group>"; };
		92B6C362243F5C30008390EA /* MenuView.swift */ = {isa = PBXFileReference; lastKnownFileType = sourcecode.swift; path = MenuView.swift; sourceTree = "<group>"; };
		92EB59A0242E0151005BADC2 /* README.md */ = {isa = PBXFileReference; lastKnownFileType = net.daringfireball.markdown; path = README.md; sourceTree = "<group>"; };
		92EB59A2242E0169005BADC2 /* StepperView.swift */ = {isa = PBXFileReference; lastKnownFileType = sourcecode.swift; path = StepperView.swift; sourceTree = "<group>"; };
		92EB59A4242E0488005BADC2 /* DatePickerView.swift */ = {isa = PBXFileReference; lastKnownFileType = sourcecode.swift; path = DatePickerView.swift; sourceTree = "<group>"; };
		92EB59A7242E2032005BADC2 /* README.md */ = {isa = PBXFileReference; lastKnownFileType = net.daringfireball.markdown; path = README.md; sourceTree = "<group>"; };
		92EB59AB242E2163005BADC2 /* ListView.swift */ = {isa = PBXFileReference; lastKnownFileType = sourcecode.swift; path = ListView.swift; sourceTree = "<group>"; };
		92EB59AD242E333D005BADC2 /* Series_Fifth_Demo.swift */ = {isa = PBXFileReference; lastKnownFileType = sourcecode.swift; path = Series_Fifth_Demo.swift; sourceTree = "<group>"; };
		92F2A81824291215006E11A5 /* SwiftUIDemo.app */ = {isa = PBXFileReference; explicitFileType = wrapper.application; includeInIndex = 0; path = SwiftUIDemo.app; sourceTree = BUILT_PRODUCTS_DIR; };
		92F2A81B24291215006E11A5 /* AppDelegate.swift */ = {isa = PBXFileReference; lastKnownFileType = sourcecode.swift; path = AppDelegate.swift; sourceTree = "<group>"; };
		92F2A81D24291215006E11A5 /* SceneDelegate.swift */ = {isa = PBXFileReference; lastKnownFileType = sourcecode.swift; path = SceneDelegate.swift; sourceTree = "<group>"; };
		92F2A82124291219006E11A5 /* Assets.xcassets */ = {isa = PBXFileReference; lastKnownFileType = folder.assetcatalog; path = Assets.xcassets; sourceTree = "<group>"; };
		92F2A82424291219006E11A5 /* Preview Assets.xcassets */ = {isa = PBXFileReference; lastKnownFileType = folder.assetcatalog; path = "Preview Assets.xcassets"; sourceTree = "<group>"; };
		92F2A82724291219006E11A5 /* Base */ = {isa = PBXFileReference; lastKnownFileType = file.storyboard; name = Base; path = Base.lproj/LaunchScreen.storyboard; sourceTree = "<group>"; };
		92F2A82924291219006E11A5 /* Info.plist */ = {isa = PBXFileReference; lastKnownFileType = text.plist.xml; path = Info.plist; sourceTree = "<group>"; };
		92F2A833242912BE006E11A5 /* README.md */ = {isa = PBXFileReference; fileEncoding = 4; lastKnownFileType = net.daringfireball.markdown; path = README.md; sourceTree = "<group>"; };
		92F2A835242912CC006E11A5 /* Series_One_Demo.swift */ = {isa = PBXFileReference; lastKnownFileType = sourcecode.swift; path = Series_One_Demo.swift; sourceTree = "<group>"; };
		92F2A837242912E2006E11A5 /* PickerView.swift */ = {isa = PBXFileReference; lastKnownFileType = sourcecode.swift; path = PickerView.swift; sourceTree = "<group>"; };
		92F2A839242912EA006E11A5 /* TextfieldView.swift */ = {isa = PBXFileReference; lastKnownFileType = sourcecode.swift; path = TextfieldView.swift; sourceTree = "<group>"; };
		92F2A83B242916D9006E11A5 /* NavigationAndFormView.swift */ = {isa = PBXFileReference; lastKnownFileType = sourcecode.swift; path = NavigationAndFormView.swift; sourceTree = "<group>"; };
		92F2A83D2429BD4D006E11A5 /* README.md */ = {isa = PBXFileReference; lastKnownFileType = net.daringfireball.markdown; path = README.md; sourceTree = "<group>"; };
		92F2A8432429C269006E11A5 /* StackView.swift */ = {isa = PBXFileReference; lastKnownFileType = sourcecode.swift; path = StackView.swift; sourceTree = "<group>"; };
		92F2A8452429C688006E11A5 /* ColorWithStack.swift */ = {isa = PBXFileReference; lastKnownFileType = sourcecode.swift; path = ColorWithStack.swift; sourceTree = "<group>"; };
		92F2A8472429C7D7006E11A5 /* GradientView.swift */ = {isa = PBXFileReference; lastKnownFileType = sourcecode.swift; path = GradientView.swift; sourceTree = "<group>"; };
		92F2A8492429CE21006E11A5 /* ButtonView.swift */ = {isa = PBXFileReference; lastKnownFileType = sourcecode.swift; path = ButtonView.swift; sourceTree = "<group>"; };
		92F2A84B2429D3B9006E11A5 /* alertView.swift */ = {isa = PBXFileReference; lastKnownFileType = sourcecode.swift; path = alertView.swift; sourceTree = "<group>"; };
		92F2A84D2429FDD5006E11A5 /* Series_Two_Demo.swift */ = {isa = PBXFileReference; lastKnownFileType = sourcecode.swift; path = Series_Two_Demo.swift; sourceTree = "<group>"; };
		92F2A851242A0BE0006E11A5 /* README.md */ = {isa = PBXFileReference; lastKnownFileType = net.daringfireball.markdown; path = README.md; sourceTree = "<group>"; };
		92F2A852242B95FE006E11A5 /* EnvironmentModifier.swift */ = {isa = PBXFileReference; lastKnownFileType = sourcecode.swift; path = EnvironmentModifier.swift; sourceTree = "<group>"; };
		92F2A854242B9664006E11A5 /* ViewAsProperty.swift */ = {isa = PBXFileReference; lastKnownFileType = sourcecode.swift; path = ViewAsProperty.swift; sourceTree = "<group>"; };
		92F2A856242B968A006E11A5 /* ViewComposition.swift */ = {isa = PBXFileReference; lastKnownFileType = sourcecode.swift; path = ViewComposition.swift; sourceTree = "<group>"; };
		92F2A858242B9712006E11A5 /* CustomModifier.swift */ = {isa = PBXFileReference; lastKnownFileType = sourcecode.swift; path = CustomModifier.swift; sourceTree = "<group>"; };
		92F2A85B242BA2EE006E11A5 /* CustomContainer.swift */ = {isa = PBXFileReference; lastKnownFileType = sourcecode.swift; path = CustomContainer.swift; sourceTree = "<group>"; };
/* End PBXFileReference section */

/* Begin PBXFrameworksBuildPhase section */
		92F2A81524291215006E11A5 /* Frameworks */ = {
			isa = PBXFrameworksBuildPhase;
			buildActionMask = 2147483647;
			files = (
			);
			runOnlyForDeploymentPostprocessing = 0;
		};
/* End PBXFrameworksBuildPhase section */

/* Begin PBXGroup section */
		924CFA052431EC2600428DE7 /* Subcomponents */ = {
			isa = PBXGroup;
			children = (
				924CFA062431EC2600428DE7 /* AnimationView.swift */,
				924CFA082431EC3000428DE7 /* CustomAnimation.swift */,
				924CFA0A2431ED8700428DE7 /* AnimationBinding.swift */,
				927F74682433474C00037CBB /* ExplicitAnimation.swift */,
				9231822224334B9C00C347B7 /* ControllingAnimation.swift */,
				923182242433836100C347B7 /* AnimatingGestures.swift */,
				9231822624338D2A00C347B7 /* ShowHideView.swift */,
			);
			path = Subcomponents;
			sourceTree = "<group>";
		};
		92755D4A244433F1000B7128 /* Ninth */ = {
			isa = PBXGroup;
			children = (
				92755D4B24443402000B7128 /* PathEx.swift */,
			);
			path = Ninth;
			sourceTree = "<group>";
		};
		92755D4D2445BBE3000B7128 /* Tenth */ = {
			isa = PBXGroup;
			children = (
				92F2A833242912BE006E11A5 /* README.md */,
				92755D562445CE84000B7128 /* Order.swift */,
				92755D542445CE23000B7128 /* OrderView.swift */,
				926BA41D2445D4FC0043839E /* AddressView.swift */,
				926BA41F2445D7C10043839E /* Checkout.swift */,
				92755D4F2445BC6D000B7128 /* Subcomponents */,
				92F2A82124291219006E11A5 /* Assets.xcassets */,
			);
			path = Tenth;
			sourceTree = "<group>";
		};
		92755D4F2445BC6D000B7128 /* Subcomponents */ = {
			isa = PBXGroup;
			children = (
				92755D502445BC87000B7128 /* PublishdAndCodeable.swift */,
				92755D522445C146000B7128 /* URLSessionEx.swift */,
			);
			path = Subcomponents;
			sourceTree = "<group>";
		};
		927A1B7D2434CCCC004DFD25 /* Seventh */ = {
			isa = PBXGroup;
			children = (
				927A1B7E2434CE5D004DFD25 /* README.md */,
				927A1B8A2435CD97004DFD25 /* identical.swift */,
				927A1B8C243AFA2E004DFD25 /* AddView.swift */,
				927A1B7F2434CE71004DFD25 /* SubComponents */,
			);
			path = Seventh;
			sourceTree = "<group>";
		};
		927A1B7F2434CE71004DFD25 /* SubComponents */ = {
			isa = PBXGroup;
			children = (
				927A1B802434CE8A004DFD25 /* ObserableView.swift */,
				927A1B822434D2B7004DFD25 /* ShowHideUsingSheet.swift */,
				927A1B842435AD9E004DFD25 /* OnDelete.swift */,
				927A1B862435B0A6004DFD25 /* UserDefault.swift */,
				927A1B882435B74A004DFD25 /* ArchivingData.swift */,
			);
			path = SubComponents;
			sourceTree = "<group>";
		};
		927A1B8E243B0E77004DFD25 /* Eigth */ = {
			isa = PBXGroup;
			children = (
				927A1B8F243B0EB8004DFD25 /* README.md */,
				927A1B90243B0ED8004DFD25 /* SubComponents */,
			);
			path = Eigth;
			sourceTree = "<group>";
		};
		927A1B90243B0ED8004DFD25 /* SubComponents */ = {
			isa = PBXGroup;
			children = (
				927A1B91243B1114004DFD25 /* ResizeImage.swift */,
				927A1B93243B136A004DFD25 /* ScrollViewEx.swift */,
				927A1B95243B1875004DFD25 /* NavigationLinkEx.swift */,
				927A1B97243B61FB004DFD25 /* SliderViewEx.swift */,
				927A1B99243B65E9004DFD25 /* SwitchEx.swift */,
				927B248A243C51E30073BD66 /* TabBarEx.swift */,
				927B248E243C61CD0073BD66 /* CustomTabBar */,
				927346C9243F3ACD00AA52ED /* ParallexEffect.swift */,
				927CDF3A243F54A1006697AF /* Textfield_adjust_KeyBoard.swift */,
				92B6C361243F5C14008390EA /* HambegerMenu */,
				9285174C2442167E00BDA187 /* LoginDemo.swift */,
			);
			path = SubComponents;
			sourceTree = "<group>";
		};
		927B248E243C61CD0073BD66 /* CustomTabBar */ = {
			isa = PBXGroup;
			children = (
				927B248C243C5D420073BD66 /* CustomTabBarEx.swift */,
				927B248F243C61DF0073BD66 /* ViewRouter.swift */,
			);
			path = CustomTabBar;
			sourceTree = "<group>";
		};
		929DD62A2431CD0A008930F9 /* Sixth */ = {
			isa = PBXGroup;
			children = (
				929DD62D2431CD55008930F9 /* README.md */,
				924CFA052431EC2600428DE7 /* Subcomponents */,
			);
			path = Sixth;
			sourceTree = "<group>";
		};
		92B6C361243F5C14008390EA /* HambegerMenu */ = {
			isa = PBXGroup;
			children = (
				92767584243F59950079B5AC /* KSlideMenu.swift */,
				92B6C362243F5C30008390EA /* MenuView.swift */,
			);
			path = HambegerMenu;
			sourceTree = "<group>";
		};
		92EB599F242E0142005BADC2 /* Fourth */ = {
			isa = PBXGroup;
			children = (
				92EB59A0242E0151005BADC2 /* README.md */,
				92EB59A1242E015D005BADC2 /* SubComponents */,
			);
			path = Fourth;
			sourceTree = "<group>";
		};
		92EB59A1242E015D005BADC2 /* SubComponents */ = {
			isa = PBXGroup;
			children = (
				92EB59A2242E0169005BADC2 /* StepperView.swift */,
				92EB59A4242E0488005BADC2 /* DatePickerView.swift */,
			);
			path = SubComponents;
			sourceTree = "<group>";
		};
		92EB59A6242E2024005BADC2 /* Fifth */ = {
			isa = PBXGroup;
			children = (
				92EB59A7242E2032005BADC2 /* README.md */,
				92EB59AD242E333D005BADC2 /* Series_Fifth_Demo.swift */,
				92EB59A8242E2151005BADC2 /* SubComponents */,
			);
			path = Fifth;
			sourceTree = "<group>";
		};
		92EB59A8242E2151005BADC2 /* SubComponents */ = {
			isa = PBXGroup;
			children = (
				92EB59AB242E2163005BADC2 /* ListView.swift */,
			);
			path = SubComponents;
			sourceTree = "<group>";
		};
		92F2A80F24291215006E11A5 = {
			isa = PBXGroup;
			children = (
				92F2A81A24291215006E11A5 /* SwiftUIDemo */,
				92F2A81924291215006E11A5 /* Products */,
			);
			sourceTree = "<group>";
		};
		92F2A81924291215006E11A5 /* Products */ = {
			isa = PBXGroup;
			children = (
				92F2A81824291215006E11A5 /* SwiftUIDemo.app */,
			);
			name = Products;
			sourceTree = "<group>";
		};
		92F2A81A24291215006E11A5 /* SwiftUIDemo */ = {
			isa = PBXGroup;
			children = (
				92F2A81B24291215006E11A5 /* AppDelegate.swift */,
				92F2A81D24291215006E11A5 /* SceneDelegate.swift */,
				92F2A82F2429128E006E11A5 /* Series */,
				92F2A82624291219006E11A5 /* LaunchScreen.storyboard */,
				92F2A82924291219006E11A5 /* Info.plist */,
				92F2A82324291219006E11A5 /* Preview Content */,
			);
			path = SwiftUIDemo;
			sourceTree = "<group>";
		};
		92F2A82324291219006E11A5 /* Preview Content */ = {
			isa = PBXGroup;
			children = (
				92F2A82424291219006E11A5 /* Preview Assets.xcassets */,
			);
			path = "Preview Content";
			sourceTree = "<group>";
		};
		92F2A82F2429128E006E11A5 /* Series */ = {
			isa = PBXGroup;
			children = (
				92755D4A244433F1000B7128 /* Ninth */,
				92F2A83024291299006E11A5 /* One */,
				92F2A8312429129E006E11A5 /* Two */,
				92F2A850242A0BCE006E11A5 /* Three */,
				92EB599F242E0142005BADC2 /* Fourth */,
				92EB59A6242E2024005BADC2 /* Fifth */,
				929DD62A2431CD0A008930F9 /* Sixth */,
				927A1B7D2434CCCC004DFD25 /* Seventh */,
				927A1B8E243B0E77004DFD25 /* Eigth */,
				92755D4D2445BBE3000B7128 /* Tenth */,
			);
			path = Series;
			sourceTree = "<group>";
		};
		92F2A83024291299006E11A5 /* One */ = {
			isa = PBXGroup;
			children = (
				92755D4E2445BC1C000B7128 /* README.md */,
				92F2A835242912CC006E11A5 /* Series_One_Demo.swift */,
				92F2A832242912A3006E11A5 /* SubComponets */,
			);
			path = One;
			sourceTree = "<group>";
		};
		92F2A8312429129E006E11A5 /* Two */ = {
			isa = PBXGroup;
			children = (
				92F2A83D2429BD4D006E11A5 /* README.md */,
				92F2A84D2429FDD5006E11A5 /* Series_Two_Demo.swift */,
				92F2A83E2429BD5D006E11A5 /* SubComponets */,
			);
			path = Two;
			sourceTree = "<group>";
		};
		92F2A832242912A3006E11A5 /* SubComponets */ = {
			isa = PBXGroup;
			children = (
				92F2A83B242916D9006E11A5 /* NavigationAndFormView.swift */,
				92F2A837242912E2006E11A5 /* PickerView.swift */,
				92F2A839242912EA006E11A5 /* TextfieldView.swift */,
			);
			path = SubComponets;
			sourceTree = "<group>";
		};
		92F2A83E2429BD5D006E11A5 /* SubComponets */ = {
			isa = PBXGroup;
			children = (
				92F2A8432429C269006E11A5 /* StackView.swift */,
				92F2A8452429C688006E11A5 /* ColorWithStack.swift */,
				92F2A8472429C7D7006E11A5 /* GradientView.swift */,
				92F2A8492429CE21006E11A5 /* ButtonView.swift */,
				92F2A84B2429D3B9006E11A5 /* alertView.swift */,
			);
			path = SubComponets;
			sourceTree = "<group>";
		};
		92F2A850242A0BCE006E11A5 /* Three */ = {
			isa = PBXGroup;
			children = (
				92F2A851242A0BE0006E11A5 /* README.md */,
				92F2A85A242B978B006E11A5 /* SubComponents */,
			);
			path = Three;
			sourceTree = "<group>";
		};
		92F2A85A242B978B006E11A5 /* SubComponents */ = {
			isa = PBXGroup;
			children = (
				92F2A852242B95FE006E11A5 /* EnvironmentModifier.swift */,
				92F2A854242B9664006E11A5 /* ViewAsProperty.swift */,
				92F2A856242B968A006E11A5 /* ViewComposition.swift */,
				92F2A858242B9712006E11A5 /* CustomModifier.swift */,
				92F2A85B242BA2EE006E11A5 /* CustomContainer.swift */,
			);
			path = SubComponents;
			sourceTree = "<group>";
		};
/* End PBXGroup section */

/* Begin PBXNativeTarget section */
		92F2A81724291215006E11A5 /* SwiftUIDemo */ = {
			isa = PBXNativeTarget;
			buildConfigurationList = 92F2A82C24291219006E11A5 /* Build configuration list for PBXNativeTarget "SwiftUIDemo" */;
			buildPhases = (
				92F2A81424291215006E11A5 /* Sources */,
				92F2A81524291215006E11A5 /* Frameworks */,
				92F2A81624291215006E11A5 /* Resources */,
			);
			buildRules = (
			);
			dependencies = (
			);
			name = SwiftUIDemo;
			productName = SwiftUIDemo;
			productReference = 92F2A81824291215006E11A5 /* SwiftUIDemo.app */;
			productType = "com.apple.product-type.application";
		};
/* End PBXNativeTarget section */

/* Begin PBXProject section */
		92F2A81024291215006E11A5 /* Project object */ = {
			isa = PBXProject;
			attributes = {
				LastSwiftUpdateCheck = 1130;
				LastUpgradeCheck = 1130;
				ORGANIZATIONNAME = Ranosys;
				TargetAttributes = {
					92F2A81724291215006E11A5 = {
						CreatedOnToolsVersion = 11.3.1;
					};
				};
			};
			buildConfigurationList = 92F2A81324291215006E11A5 /* Build configuration list for PBXProject "SwiftUIDemo" */;
			compatibilityVersion = "Xcode 9.3";
			developmentRegion = en;
			hasScannedForEncodings = 0;
			knownRegions = (
				en,
				Base,
			);
			mainGroup = 92F2A80F24291215006E11A5;
			productRefGroup = 92F2A81924291215006E11A5 /* Products */;
			projectDirPath = "";
			projectRoot = "";
			targets = (
				92F2A81724291215006E11A5 /* SwiftUIDemo */,
			);
		};
/* End PBXProject section */

/* Begin PBXResourcesBuildPhase section */
		92F2A81624291215006E11A5 /* Resources */ = {
			isa = PBXResourcesBuildPhase;
			buildActionMask = 2147483647;
			files = (
				92F2A82824291219006E11A5 /* LaunchScreen.storyboard in Resources */,
				92F2A82524291219006E11A5 /* Preview Assets.xcassets in Resources */,
				92F2A834242912BE006E11A5 /* README.md in Resources */,
				92F2A82224291219006E11A5 /* Assets.xcassets in Resources */,
			);
			runOnlyForDeploymentPostprocessing = 0;
		};
/* End PBXResourcesBuildPhase section */

/* Begin PBXSourcesBuildPhase section */
		92F2A81424291215006E11A5 /* Sources */ = {
			isa = PBXSourcesBuildPhase;
			buildActionMask = 2147483647;
			files = (
				92F2A8462429C688006E11A5 /* ColorWithStack.swift in Sources */,
				92F2A857242B968A006E11A5 /* ViewComposition.swift in Sources */,
				92EB59A3242E0169005BADC2 /* StepperView.swift in Sources */,
				92755D512445BC87000B7128 /* PublishdAndCodeable.swift in Sources */,
				92F2A836242912CC006E11A5 /* Series_One_Demo.swift in Sources */,
				92F2A84A2429CE21006E11A5 /* ButtonView.swift in Sources */,
				927346CA243F3ACD00AA52ED /* ParallexEffect.swift in Sources */,
				927A1B92243B1114004DFD25 /* ResizeImage.swift in Sources */,
				92F2A8442429C269006E11A5 /* StackView.swift in Sources */,
				9285174D2442167E00BDA187 /* LoginDemo.swift in Sources */,
				927A1B9A243B65E9004DFD25 /* SwitchEx.swift in Sources */,
				927CDF3B243F54A1006697AF /* Textfield_adjust_KeyBoard.swift in Sources */,
				924CFA092431EC3000428DE7 /* CustomAnimation.swift in Sources */,
				92755D552445CE23000B7128 /* OrderView.swift in Sources */,
				927A1B8D243AFA2E004DFD25 /* AddView.swift in Sources */,
				927A1B8B2435CD97004DFD25 /* identical.swift in Sources */,
				92F2A85C242BA2EE006E11A5 /* CustomContainer.swift in Sources */,
				92F2A81C24291215006E11A5 /* AppDelegate.swift in Sources */,
				927A1B96243B1875004DFD25 /* NavigationLinkEx.swift in Sources */,
				92755D572445CE84000B7128 /* Order.swift in Sources */,
				927A1B832434D2B7004DFD25 /* ShowHideUsingSheet.swift in Sources */,
				92EB59A5242E0488005BADC2 /* DatePickerView.swift in Sources */,
				92F2A83C242916D9006E11A5 /* NavigationAndFormView.swift in Sources */,
				926BA41E2445D4FC0043839E /* AddressView.swift in Sources */,
				927B248D243C5D420073BD66 /* CustomTabBarEx.swift in Sources */,
				92EB59AE242E333D005BADC2 /* Series_Fifth_Demo.swift in Sources */,
				924CFA0B2431ED8700428DE7 /* AnimationBinding.swift in Sources */,
				927A1B98243B61FB004DFD25 /* SliderViewEx.swift in Sources */,
				92F2A84C2429D3B9006E11A5 /* alertView.swift in Sources */,
				92F2A81E24291215006E11A5 /* SceneDelegate.swift in Sources */,
				927A1B892435B74A004DFD25 /* ArchivingData.swift in Sources */,
				927A1B872435B0A6004DFD25 /* UserDefault.swift in Sources */,
				926BA4202445D7C10043839E /* Checkout.swift in Sources */,
				927A1B94243B136A004DFD25 /* ScrollViewEx.swift in Sources */,
				92EB59AC242E2163005BADC2 /* ListView.swift in Sources */,
				92F2A859242B9712006E11A5 /* CustomModifier.swift in Sources */,
				92767585243F59950079B5AC /* KSlideMenu.swift in Sources */,
				92F2A84E2429FDD5006E11A5 /* Series_Two_Demo.swift in Sources */,
				9231822324334B9C00C347B7 /* ControllingAnimation.swift in Sources */,
				9231822724338D2A00C347B7 /* ShowHideView.swift in Sources */,
				927A1B812434CE8A004DFD25 /* ObserableView.swift in Sources */,
				92F2A838242912E2006E11A5 /* PickerView.swift in Sources */,
				927B248B243C51E30073BD66 /* TabBarEx.swift in Sources */,
				92F2A83A242912EA006E11A5 /* TextfieldView.swift in Sources */,
				92755D4C24443402000B7128 /* PathEx.swift in Sources */,
				92B6C363243F5C30008390EA /* MenuView.swift in Sources */,
				923182252433836100C347B7 /* AnimatingGestures.swift in Sources */,
				927B2490243C61DF0073BD66 /* ViewRouter.swift in Sources */,
				92F2A855242B9664006E11A5 /* ViewAsProperty.swift in Sources */,
				924CFA072431EC2600428DE7 /* AnimationView.swift in Sources */,
				92F2A8482429C7D7006E11A5 /* GradientView.swift in Sources */,
				92755D532445C146000B7128 /* URLSessionEx.swift in Sources */,
				927A1B852435AD9E004DFD25 /* OnDelete.swift in Sources */,
				92F2A853242B95FE006E11A5 /* EnvironmentModifier.swift in Sources */,
				927F74692433474C00037CBB /* ExplicitAnimation.swift in Sources */,
			);
			runOnlyForDeploymentPostprocessing = 0;
		};
/* End PBXSourcesBuildPhase section */

/* Begin PBXVariantGroup section */
		92F2A82624291219006E11A5 /* LaunchScreen.storyboard */ = {
			isa = PBXVariantGroup;
			children = (
				92F2A82724291219006E11A5 /* Base */,
			);
			name = LaunchScreen.storyboard;
			sourceTree = "<group>";
		};
/* End PBXVariantGroup section */

/* Begin XCBuildConfiguration section */
		92F2A82A24291219006E11A5 /* Debug */ = {
			isa = XCBuildConfiguration;
			buildSettings = {
				ALWAYS_SEARCH_USER_PATHS = NO;
				CLANG_ANALYZER_NONNULL = YES;
				CLANG_ANALYZER_NUMBER_OBJECT_CONVERSION = YES_AGGRESSIVE;
				CLANG_CXX_LANGUAGE_STANDARD = "gnu++14";
				CLANG_CXX_LIBRARY = "libc++";
				CLANG_ENABLE_MODULES = YES;
				CLANG_ENABLE_OBJC_ARC = YES;
				CLANG_ENABLE_OBJC_WEAK = YES;
				CLANG_WARN_BLOCK_CAPTURE_AUTORELEASING = YES;
				CLANG_WARN_BOOL_CONVERSION = YES;
				CLANG_WARN_COMMA = YES;
				CLANG_WARN_CONSTANT_CONVERSION = YES;
				CLANG_WARN_DEPRECATED_OBJC_IMPLEMENTATIONS = YES;
				CLANG_WARN_DIRECT_OBJC_ISA_USAGE = YES_ERROR;
				CLANG_WARN_DOCUMENTATION_COMMENTS = YES;
				CLANG_WARN_EMPTY_BODY = YES;
				CLANG_WARN_ENUM_CONVERSION = YES;
				CLANG_WARN_INFINITE_RECURSION = YES;
				CLANG_WARN_INT_CONVERSION = YES;
				CLANG_WARN_NON_LITERAL_NULL_CONVERSION = YES;
				CLANG_WARN_OBJC_IMPLICIT_RETAIN_SELF = YES;
				CLANG_WARN_OBJC_LITERAL_CONVERSION = YES;
				CLANG_WARN_OBJC_ROOT_CLASS = YES_ERROR;
				CLANG_WARN_RANGE_LOOP_ANALYSIS = YES;
				CLANG_WARN_STRICT_PROTOTYPES = YES;
				CLANG_WARN_SUSPICIOUS_MOVE = YES;
				CLANG_WARN_UNGUARDED_AVAILABILITY = YES_AGGRESSIVE;
				CLANG_WARN_UNREACHABLE_CODE = YES;
				CLANG_WARN__DUPLICATE_METHOD_MATCH = YES;
				COPY_PHASE_STRIP = NO;
				DEBUG_INFORMATION_FORMAT = dwarf;
				ENABLE_STRICT_OBJC_MSGSEND = YES;
				ENABLE_TESTABILITY = YES;
				GCC_C_LANGUAGE_STANDARD = gnu11;
				GCC_DYNAMIC_NO_PIC = NO;
				GCC_NO_COMMON_BLOCKS = YES;
				GCC_OPTIMIZATION_LEVEL = 0;
				GCC_PREPROCESSOR_DEFINITIONS = (
					"DEBUG=1",
					"$(inherited)",
				);
				GCC_WARN_64_TO_32_BIT_CONVERSION = YES;
				GCC_WARN_ABOUT_RETURN_TYPE = YES_ERROR;
				GCC_WARN_UNDECLARED_SELECTOR = YES;
				GCC_WARN_UNINITIALIZED_AUTOS = YES_AGGRESSIVE;
				GCC_WARN_UNUSED_FUNCTION = YES;
				GCC_WARN_UNUSED_VARIABLE = YES;
				IPHONEOS_DEPLOYMENT_TARGET = 13.2;
				MTL_ENABLE_DEBUG_INFO = INCLUDE_SOURCE;
				MTL_FAST_MATH = YES;
				ONLY_ACTIVE_ARCH = YES;
				SDKROOT = iphoneos;
				SWIFT_ACTIVE_COMPILATION_CONDITIONS = DEBUG;
				SWIFT_OPTIMIZATION_LEVEL = "-Onone";
			};
			name = Debug;
		};
		92F2A82B24291219006E11A5 /* Release */ = {
			isa = XCBuildConfiguration;
			buildSettings = {
				ALWAYS_SEARCH_USER_PATHS = NO;
				CLANG_ANALYZER_NONNULL = YES;
				CLANG_ANALYZER_NUMBER_OBJECT_CONVERSION = YES_AGGRESSIVE;
				CLANG_CXX_LANGUAGE_STANDARD = "gnu++14";
				CLANG_CXX_LIBRARY = "libc++";
				CLANG_ENABLE_MODULES = YES;
				CLANG_ENABLE_OBJC_ARC = YES;
				CLANG_ENABLE_OBJC_WEAK = YES;
				CLANG_WARN_BLOCK_CAPTURE_AUTORELEASING = YES;
				CLANG_WARN_BOOL_CONVERSION = YES;
				CLANG_WARN_COMMA = YES;
				CLANG_WARN_CONSTANT_CONVERSION = YES;
				CLANG_WARN_DEPRECATED_OBJC_IMPLEMENTATIONS = YES;
				CLANG_WARN_DIRECT_OBJC_ISA_USAGE = YES_ERROR;
				CLANG_WARN_DOCUMENTATION_COMMENTS = YES;
				CLANG_WARN_EMPTY_BODY = YES;
				CLANG_WARN_ENUM_CONVERSION = YES;
				CLANG_WARN_INFINITE_RECURSION = YES;
				CLANG_WARN_INT_CONVERSION = YES;
				CLANG_WARN_NON_LITERAL_NULL_CONVERSION = YES;
				CLANG_WARN_OBJC_IMPLICIT_RETAIN_SELF = YES;
				CLANG_WARN_OBJC_LITERAL_CONVERSION = YES;
				CLANG_WARN_OBJC_ROOT_CLASS = YES_ERROR;
				CLANG_WARN_RANGE_LOOP_ANALYSIS = YES;
				CLANG_WARN_STRICT_PROTOTYPES = YES;
				CLANG_WARN_SUSPICIOUS_MOVE = YES;
				CLANG_WARN_UNGUARDED_AVAILABILITY = YES_AGGRESSIVE;
				CLANG_WARN_UNREACHABLE_CODE = YES;
				CLANG_WARN__DUPLICATE_METHOD_MATCH = YES;
				COPY_PHASE_STRIP = NO;
				DEBUG_INFORMATION_FORMAT = "dwarf-with-dsym";
				ENABLE_NS_ASSERTIONS = NO;
				ENABLE_STRICT_OBJC_MSGSEND = YES;
				GCC_C_LANGUAGE_STANDARD = gnu11;
				GCC_NO_COMMON_BLOCKS = YES;
				GCC_WARN_64_TO_32_BIT_CONVERSION = YES;
				GCC_WARN_ABOUT_RETURN_TYPE = YES_ERROR;
				GCC_WARN_UNDECLARED_SELECTOR = YES;
				GCC_WARN_UNINITIALIZED_AUTOS = YES_AGGRESSIVE;
				GCC_WARN_UNUSED_FUNCTION = YES;
				GCC_WARN_UNUSED_VARIABLE = YES;
				IPHONEOS_DEPLOYMENT_TARGET = 13.2;
				MTL_ENABLE_DEBUG_INFO = NO;
				MTL_FAST_MATH = YES;
				SDKROOT = iphoneos;
				SWIFT_COMPILATION_MODE = wholemodule;
				SWIFT_OPTIMIZATION_LEVEL = "-O";
				VALIDATE_PRODUCT = YES;
			};
			name = Release;
		};
		92F2A82D24291219006E11A5 /* Debug */ = {
			isa = XCBuildConfiguration;
			buildSettings = {
				ASSETCATALOG_COMPILER_APPICON_NAME = AppIcon;
				CODE_SIGN_IDENTITY = "iPhone Distribution";
				CODE_SIGN_STYLE = Manual;
				DEVELOPMENT_ASSET_PATHS = "\"SwiftUIDemo/Preview Content\"";
				DEVELOPMENT_TEAM = M8A7BYS443;
				ENABLE_PREVIEWS = YES;
				INFOPLIST_FILE = SwiftUIDemo/Info.plist;
				LD_RUNPATH_SEARCH_PATHS = (
					"$(inherited)",
					"@executable_path/Frameworks",
				);
				PRODUCT_BUNDLE_IDENTIFIER = com.ranosys.SwiftUIDemo;
				PRODUCT_NAME = "$(TARGET_NAME)";
				PROVISIONING_PROFILE_SPECIFIER = RanosysWildcard;
				SWIFT_VERSION = 5.0;
				TARGETED_DEVICE_FAMILY = "1,2";
			};
			name = Debug;
		};
		92F2A82E24291219006E11A5 /* Release */ = {
			isa = XCBuildConfiguration;
			buildSettings = {
				ASSETCATALOG_COMPILER_APPICON_NAME = AppIcon;
				CODE_SIGN_IDENTITY = "iPhone Distribution";
				CODE_SIGN_STYLE = Manual;
				DEVELOPMENT_ASSET_PATHS = "\"SwiftUIDemo/Preview Content\"";
				DEVELOPMENT_TEAM = M8A7BYS443;
				ENABLE_PREVIEWS = YES;
				INFOPLIST_FILE = SwiftUIDemo/Info.plist;
				LD_RUNPATH_SEARCH_PATHS = (
					"$(inherited)",
					"@executable_path/Frameworks",
				);
				PRODUCT_BUNDLE_IDENTIFIER = com.ranosys.SwiftUIDemo;
				PRODUCT_NAME = "$(TARGET_NAME)";
				PROVISIONING_PROFILE_SPECIFIER = RanosysWildcard;
				SWIFT_VERSION = 5.0;
				TARGETED_DEVICE_FAMILY = "1,2";
			};
			name = Release;
		};
/* End XCBuildConfiguration section */

/* Begin XCConfigurationList section */
		92F2A81324291215006E11A5 /* Build configuration list for PBXProject "SwiftUIDemo" */ = {
			isa = XCConfigurationList;
			buildConfigurations = (
				92F2A82A24291219006E11A5 /* Debug */,
				92F2A82B24291219006E11A5 /* Release */,
			);
			defaultConfigurationIsVisible = 0;
			defaultConfigurationName = Release;
		};
		92F2A82C24291219006E11A5 /* Build configuration list for PBXNativeTarget "SwiftUIDemo" */ = {
			isa = XCConfigurationList;
			buildConfigurations = (
				92F2A82D24291219006E11A5 /* Debug */,
				92F2A82E24291219006E11A5 /* Release */,
			);
			defaultConfigurationIsVisible = 0;
			defaultConfigurationName = Release;
		};
/* End XCConfigurationList section */
	};
	rootObject = 92F2A81024291215006E11A5 /* Project object */;
}
